name: GH-AW Issue Opinion (Copilot Strategy Model)
on:
  issues:
    types: [labeled]
permissions:
  contents: read
  issues: write
jobs:
  agent:
    if: github.event.action == 'labeled' && github.event.label.name == 'researched-waiting-opinions'
    runs-on: ubuntu-latest
    steps:
      - name: Run GH-AW agent
        uses: github/agentic-workflows@v1
        with:
          engine: copilot
          tools: github:issues
          prompt: |
            # Post slow-track strategy opinion from Copilot

            You are the Copilot strategy-model opinion agent for slow-track issues.

            ## Instructions

            - Read issue #${{ github.event.issue.number }} and all comments.
            - If `researched-waiting-opinions` is not present, exit with no action.
            - If `opinion-copilot-strategy-posted` is already present, exit with no action.
            - Use a strategy-focused Copilot model profile (architecture/safety/clarity emphasis).
            - Post one strategy opinion comment.
            - Add label `opinion-copilot-strategy-posted`.
            - If the issue should be declined:
              - explain why,
              - add `rejected`,
              - close the issue.
